
Microsoft Visual Studio Solution File, Format Version 12.00
# Visual Studio Version 17
VisualStudioVersion = 17.8.34330.188
MinimumVisualStudioVersion = 10.0.40219.1
Project("{9A19103F-16F7-4668-BE54-9A1E7A4F7556}") = "ConsoleSecret", "ConsoleSecret\ConsoleSecret.csproj", "{03543FB5-D3D0-4798-A409-F52D5661769B}"
EndProject
Project("{9A19103F-16F7-4668-BE54-9A1E7A4F7556}") = "ConsoleDynamo", "ConsoleDynamo\ConsoleDynamo.csproj", "{B7A061A8-C8B3-4E60-A750-E8A1FA7E6B1D}"
EndProject
Project("{FAE04EC0-301F-11D3-BF4B-00C04F79EFBC}") = "Nuables", "Nuables\Nuables.csproj", "{FCCF5D34-A825-424A-96CB-E4667987FDEE}"
EndProject
Global
	GlobalSection(SolutionConfigurationPlatforms) = preSolution
		Debug|Any CPU = Debug|Any CPU
		Release|Any CPU = Release|Any CPU
	EndGlobalSection
	GlobalSection(ProjectConfigurationPlatforms) = postSolution
		{03543FB5-D3D0-4798-A409-F52D5661769B}.Debug|Any CPU.ActiveCfg = Debug|Any CPU
		{03543FB5-D3D0-4798-A409-F52D5661769B}.Debug|Any CPU.Build.0 = Debug|Any CPU
		{03543FB5-D3D0-4798-A409-F52D5661769B}.Release|Any CPU.ActiveCfg = Release|Any CPU
		{03543FB5-D3D0-4798-A409-F52D5661769B}.Release|Any CPU.Build.0 = Release|Any CPU
		{B7A061A8-C8B3-4E60-A750-E8A1FA7E6B1D}.Debug|Any CPU.ActiveCfg = Debug|Any CPU
		{B7A061A8-C8B3-4E60-A750-E8A1FA7E6B1D}.Debug|Any CPU.Build.0 = Debug|Any CPU
		{B7A061A8-C8B3-4E60-A750-E8A1FA7E6B1D}.Release|Any CPU.ActiveCfg = Release|Any CPU
		{B7A061A8-C8B3-4E60-A750-E8A1FA7E6B1D}.Release|Any CPU.Build.0 = Release|Any CPU
		{FCCF5D34-A825-424A-96CB-E4667987FDEE}.Debug|Any CPU.ActiveCfg = Debug|Any CPU
		{FCCF5D34-A825-424A-96CB-E4667987FDEE}.Debug|Any CPU.Build.0 = Debug|Any CPU
		{FCCF5D34-A825-424A-96CB-E4667987FDEE}.Release|Any CPU.ActiveCfg = Release|Any CPU
		{FCCF5D34-A825-424A-96CB-E4667987FDEE}.Release|Any CPU.Build.0 = Release|Any CPU
	EndGlobalSection
	GlobalSection(SolutionProperties) = preSolution
		HideSolutionNode = FALSE
	EndGlobalSection
	GlobalSection(ExtensibilityGlobals) = postSolution
		SolutionGuid = {87ED36E9-2A9A-41E1-8D1D-C8D8AB245E94}
	EndGlobalSection
EndGlobal
